
Microsoft Visual Studio Solution File, Format Version 12.00
# Visual Studio Version 17
VisualStudioVersion = 17.13.35825.156 d17.13
MinimumVisualStudioVersion = 10.0.40219.1
Project("{FAE04EC0-301F-11D3-BF4B-00C04F79EFBC}") = "Most_Crm", "Most_Crm\Most_Crm.csproj", "{DEC0AA17-56C9-442B-AA8A-8E13E4C4DD49}"
EndProject
Global
	GlobalSection(SolutionConfigurationPlatforms) = preSolution
		Debug|Any CPU = Debug|Any CPU
		Release|Any CPU = Release|Any CPU
	EndGlobalSection
	GlobalSection(ProjectConfigurationPlatforms) = postSolution
		{DEC0AA17-56C9-442B-AA8A-8E13E4C4DD49}.Debug|Any CPU.ActiveCfg = Debug|Any CPU
		{DEC0AA17-56C9-442B-AA8A-8E13E4C4DD49}.Debug|Any CPU.Build.0 = Debug|Any CPU
		{DEC0AA17-56C9-442B-AA8A-8E13E4C4DD49}.Release|Any CPU.ActiveCfg = Release|Any CPU
		{DEC0AA17-56C9-442B-AA8A-8E13E4C4DD49}.Release|Any CPU.Build.0 = Release|Any CPU
	EndGlobalSection
	GlobalSection(SolutionProperties) = preSolution
		HideSolutionNode = FALSE
	EndGlobalSection
	GlobalSection(ExtensibilityGlobals) = postSolution
		SolutionGuid = {51579C3C-AC9C-46CB-94AB-6B986F4D1A6E}
	EndGlobalSection
EndGlobal
